{
  "nodes": {
    "devenv": {
      "locked": {
        "dir": "src/modules",
        "lastModified": 1711452029,
        "owner": "cachix",
        "repo": "devenv",
        "rev": "15f55864583ffec378694d6b1c3889b8b597204c",
        "treeHash": "c0f00c69109517f36eb74ba39901aab5f55dc552",
        "type": "github"
      },
      "original": {
        "dir": "src/modules",
        "owner": "cachix",
        "repo": "devenv",
        "type": "github"
      }
    },
    "nixpkgs": {
      "locked": {
        "lastModified": 1711476390,
        "owner": "NixOS",
        "repo": "nixpkgs",
        "rev": "f6618fa3d5edda68a2a6fb0672806ba3b8799a62",
        "treeHash": "7a559201799a0f4326b3c6b7d623341eaf433586",
        "type": "github"
      },
      "original": {
        "owner": "NixOS",
        "ref": "master",
        "repo": "nixpkgs",
        "type": "github"
      }
    },
    "root": {
      "inputs": {
        "devenv": "devenv",
        "nixpkgs": "nixpkgs"
      }
    }
  },
  "root": "root",
  "version": 7
}